// !$*UTF8*$!
{
	archiveVersion = 1;
	classes = {
	};
	objectVersion = 51;
	objects = {

/* Begin PBXBuildFile section */
		1184659E07F0D2B0B137184B /* Pods_MarvelTests.framework in Frameworks */ = {isa = PBXBuildFile; fileRef = 245BCCB35A9C3548D794ABB6 /* Pods_MarvelTests.framework */; };
		F42F0AD924DFBEA33259DC28 /* Pods_Marvel.framework in Frameworks */ = {isa = PBXBuildFile; fileRef = EB850A796725FA3F44965B50 /* Pods_Marvel.framework */; };
		FA177D0E249C78F1005BBF3B /* AppDelegate.swift in Sources */ = {isa = PBXBuildFile; fileRef = FA177D0D249C78F1005BBF3B /* AppDelegate.swift */; };
		FA177D17249C78F5005BBF3B /* Assets.xcassets in Resources */ = {isa = PBXBuildFile; fileRef = FA177D16249C78F5005BBF3B /* Assets.xcassets */; };
		FA177D1A249C78F5005BBF3B /* LaunchScreen.storyboard in Resources */ = {isa = PBXBuildFile; fileRef = FA177D18249C78F5005BBF3B /* LaunchScreen.storyboard */; };
		FA177D25249C78F5005BBF3B /* MarvelTests.swift in Sources */ = {isa = PBXBuildFile; fileRef = FA177D24249C78F5005BBF3B /* MarvelTests.swift */; };
		FA1D3E5F249C9A5F0033B525 /* API.swift in Sources */ = {isa = PBXBuildFile; fileRef = FA1D3E5E249C9A5F0033B525 /* API.swift */; };
		FA1D3E62249C9AC90033B525 /* Constants.swift in Sources */ = {isa = PBXBuildFile; fileRef = FA1D3E61249C9AC90033B525 /* Constants.swift */; };
		FA1D3E65249C9E5C0033B525 /* String.swift in Sources */ = {isa = PBXBuildFile; fileRef = FA1D3E64249C9E5C0033B525 /* String.swift */; };
		FA1D3E69249CA1E60033B525 /* APIError.swift in Sources */ = {isa = PBXBuildFile; fileRef = FA1D3E68249CA1E60033B525 /* APIError.swift */; };
		FA1D3E72249CA4010033B525 /* Main.storyboard in Resources */ = {isa = PBXBuildFile; fileRef = FA1D3E71249CA4010033B525 /* Main.storyboard */; };
		FA1D3E74249CA4170033B525 /* CharactersViewController.swift in Sources */ = {isa = PBXBuildFile; fileRef = FA1D3E73249CA4170033B525 /* CharactersViewController.swift */; };
		FA1D3E76249CA5230033B525 /* CharactersPresenter.swift in Sources */ = {isa = PBXBuildFile; fileRef = FA1D3E75249CA5230033B525 /* CharactersPresenter.swift */; };
		FA1D3E7B249CA84A0033B525 /* UIViewController.swift in Sources */ = {isa = PBXBuildFile; fileRef = FA1D3E7A249CA84A0033B525 /* UIViewController.swift */; };
		FA1D3E7E249CA8C10033B525 /* IndicatorProtocol.swift in Sources */ = {isa = PBXBuildFile; fileRef = FA1D3E7D249CA8C10033B525 /* IndicatorProtocol.swift */; };
		FA1D3E80249CAB7D0033B525 /* Indicator.swift in Sources */ = {isa = PBXBuildFile; fileRef = FA1D3E7F249CAB7D0033B525 /* Indicator.swift */; };
/* End PBXBuildFile section */

/* Begin PBXContainerItemProxy section */
		FA177D21249C78F5005BBF3B /* PBXContainerItemProxy */ = {
			isa = PBXContainerItemProxy;
			containerPortal = FA177D02249C78F1005BBF3B /* Project object */;
			proxyType = 1;
			remoteGlobalIDString = FA177D09249C78F1005BBF3B;
			remoteInfo = Marvel;
		};
/* End PBXContainerItemProxy section */

/* Begin PBXFileReference section */
		052D9CD74628F9826D650956 /* Pods-Marvel.debug.xcconfig */ = {isa = PBXFileReference; includeInIndex = 1; lastKnownFileType = text.xcconfig; name = "Pods-Marvel.debug.xcconfig"; path = "Target Support Files/Pods-Marvel/Pods-Marvel.debug.xcconfig"; sourceTree = "<group>"; };
		148F5675BF1E36C8AF9AC714 /* Pods-MarvelTests.debug.xcconfig */ = {isa = PBXFileReference; includeInIndex = 1; lastKnownFileType = text.xcconfig; name = "Pods-MarvelTests.debug.xcconfig"; path = "Target Support Files/Pods-MarvelTests/Pods-MarvelTests.debug.xcconfig"; sourceTree = "<group>"; };
		245BCCB35A9C3548D794ABB6 /* Pods_MarvelTests.framework */ = {isa = PBXFileReference; explicitFileType = wrapper.framework; includeInIndex = 0; path = Pods_MarvelTests.framework; sourceTree = BUILT_PRODUCTS_DIR; };
		9B1AB1250B908F59ADF26F1B /* Pods-Marvel.release.xcconfig */ = {isa = PBXFileReference; includeInIndex = 1; lastKnownFileType = text.xcconfig; name = "Pods-Marvel.release.xcconfig"; path = "Target Support Files/Pods-Marvel/Pods-Marvel.release.xcconfig"; sourceTree = "<group>"; };
		D72542E9F14099E0C7843B7F /* Pods-MarvelTests.release.xcconfig */ = {isa = PBXFileReference; includeInIndex = 1; lastKnownFileType = text.xcconfig; name = "Pods-MarvelTests.release.xcconfig"; path = "Target Support Files/Pods-MarvelTests/Pods-MarvelTests.release.xcconfig"; sourceTree = "<group>"; };
		EB850A796725FA3F44965B50 /* Pods_Marvel.framework */ = {isa = PBXFileReference; explicitFileType = wrapper.framework; includeInIndex = 0; path = Pods_Marvel.framework; sourceTree = BUILT_PRODUCTS_DIR; };
		FA177D0A249C78F1005BBF3B /* Marvel.app */ = {isa = PBXFileReference; explicitFileType = wrapper.application; includeInIndex = 0; path = Marvel.app; sourceTree = BUILT_PRODUCTS_DIR; };
		FA177D0D249C78F1005BBF3B /* AppDelegate.swift */ = {isa = PBXFileReference; lastKnownFileType = sourcecode.swift; path = AppDelegate.swift; sourceTree = "<group>"; };
		FA177D16249C78F5005BBF3B /* Assets.xcassets */ = {isa = PBXFileReference; lastKnownFileType = folder.assetcatalog; path = Assets.xcassets; sourceTree = "<group>"; };
		FA177D19249C78F5005BBF3B /* Base */ = {isa = PBXFileReference; lastKnownFileType = file.storyboard; name = Base; path = Base.lproj/LaunchScreen.storyboard; sourceTree = "<group>"; };
		FA177D1B249C78F5005BBF3B /* Info.plist */ = {isa = PBXFileReference; lastKnownFileType = text.plist.xml; path = Info.plist; sourceTree = "<group>"; };
		FA177D20249C78F5005BBF3B /* MarvelTests.xctest */ = {isa = PBXFileReference; explicitFileType = wrapper.cfbundle; includeInIndex = 0; path = MarvelTests.xctest; sourceTree = BUILT_PRODUCTS_DIR; };
		FA177D24249C78F5005BBF3B /* MarvelTests.swift */ = {isa = PBXFileReference; lastKnownFileType = sourcecode.swift; path = MarvelTests.swift; sourceTree = "<group>"; };
		FA177D26249C78F5005BBF3B /* Info.plist */ = {isa = PBXFileReference; lastKnownFileType = text.plist.xml; path = Info.plist; sourceTree = "<group>"; };
		FA1D3E5E249C9A5F0033B525 /* API.swift */ = {isa = PBXFileReference; lastKnownFileType = sourcecode.swift; path = API.swift; sourceTree = "<group>"; };
		FA1D3E61249C9AC90033B525 /* Constants.swift */ = {isa = PBXFileReference; lastKnownFileType = sourcecode.swift; path = Constants.swift; sourceTree = "<group>"; };
		FA1D3E64249C9E5C0033B525 /* String.swift */ = {isa = PBXFileReference; lastKnownFileType = sourcecode.swift; path = String.swift; sourceTree = "<group>"; };
		FA1D3E68249CA1E60033B525 /* APIError.swift */ = {isa = PBXFileReference; lastKnownFileType = sourcecode.swift; path = APIError.swift; sourceTree = "<group>"; };
		FA1D3E71249CA4010033B525 /* Main.storyboard */ = {isa = PBXFileReference; lastKnownFileType = file.storyboard; path = Main.storyboard; sourceTree = "<group>"; };
		FA1D3E73249CA4170033B525 /* CharactersViewController.swift */ = {isa = PBXFileReference; lastKnownFileType = sourcecode.swift; path = CharactersViewController.swift; sourceTree = "<group>"; };
		FA1D3E75249CA5230033B525 /* CharactersPresenter.swift */ = {isa = PBXFileReference; lastKnownFileType = sourcecode.swift; path = CharactersPresenter.swift; sourceTree = "<group>"; };
		FA1D3E7A249CA84A0033B525 /* UIViewController.swift */ = {isa = PBXFileReference; lastKnownFileType = sourcecode.swift; path = UIViewController.swift; sourceTree = "<group>"; };
		FA1D3E7D249CA8C10033B525 /* IndicatorProtocol.swift */ = {isa = PBXFileReference; lastKnownFileType = sourcecode.swift; path = IndicatorProtocol.swift; sourceTree = "<group>"; };
		FA1D3E7F249CAB7D0033B525 /* Indicator.swift */ = {isa = PBXFileReference; lastKnownFileType = sourcecode.swift; path = Indicator.swift; sourceTree = "<group>"; };
/* End PBXFileReference section */

/* Begin PBXFrameworksBuildPhase section */
		FA177D07249C78F1005BBF3B /* Frameworks */ = {
			isa = PBXFrameworksBuildPhase;
			buildActionMask = 2147483647;
			files = (
				F42F0AD924DFBEA33259DC28 /* Pods_Marvel.framework in Frameworks */,
			);
			runOnlyForDeploymentPostprocessing = 0;
		};
		FA177D1D249C78F5005BBF3B /* Frameworks */ = {
			isa = PBXFrameworksBuildPhase;
			buildActionMask = 2147483647;
			files = (
				1184659E07F0D2B0B137184B /* Pods_MarvelTests.framework in Frameworks */,
			);
			runOnlyForDeploymentPostprocessing = 0;
		};
/* End PBXFrameworksBuildPhase section */

/* Begin PBXGroup section */
		46E15A3B25F8489E6F55E9A2 /* Frameworks */ = {
			isa = PBXGroup;
			children = (
				EB850A796725FA3F44965B50 /* Pods_Marvel.framework */,
				245BCCB35A9C3548D794ABB6 /* Pods_MarvelTests.framework */,
			);
			name = Frameworks;
			sourceTree = "<group>";
		};
		5E7F51E9E81750A55BE938C0 /* Pods */ = {
			isa = PBXGroup;
			children = (
				052D9CD74628F9826D650956 /* Pods-Marvel.debug.xcconfig */,
				9B1AB1250B908F59ADF26F1B /* Pods-Marvel.release.xcconfig */,
				148F5675BF1E36C8AF9AC714 /* Pods-MarvelTests.debug.xcconfig */,
				D72542E9F14099E0C7843B7F /* Pods-MarvelTests.release.xcconfig */,
			);
			path = Pods;
			sourceTree = "<group>";
		};
		FA177D01249C78F1005BBF3B = {
			isa = PBXGroup;
			children = (
				FA177D0C249C78F1005BBF3B /* Marvel */,
				FA177D23249C78F5005BBF3B /* MarvelTests */,
				FA177D0B249C78F1005BBF3B /* Products */,
				5E7F51E9E81750A55BE938C0 /* Pods */,
				46E15A3B25F8489E6F55E9A2 /* Frameworks */,
			);
			sourceTree = "<group>";
		};
		FA177D0B249C78F1005BBF3B /* Products */ = {
			isa = PBXGroup;
			children = (
				FA177D0A249C78F1005BBF3B /* Marvel.app */,
				FA177D20249C78F5005BBF3B /* MarvelTests.xctest */,
			);
			name = Products;
			sourceTree = "<group>";
		};
		FA177D0C249C78F1005BBF3B /* Marvel */ = {
			isa = PBXGroup;
			children = (
				FA1D3E6C249CA34F0033B525 /* Scenes */,
				FA1D3E77249CA61E0033B525 /* Helpers */,
				FA1D3E66249CA1C30033B525 /* Common */,
				FA1D3E63249C9E4C0033B525 /* Extensions */,
				FA1D3E60249C9AB10033B525 /* Constants */,
				FA1D3E5D249C91C30033B525 /* Utilities */,
				FA1D3E5C249C91360033B525 /* Resources */,
				FA1D3E5B249C91190033B525 /* LunchScreen */,
				FA1D3E5A249C91060033B525 /* Supporting Files */,
				FA1D3E59249C90EC0033B525 /* Delegate */,
			);
			path = Marvel;
			sourceTree = "<group>";
		};
		FA177D23249C78F5005BBF3B /* MarvelTests */ = {
			isa = PBXGroup;
			children = (
				FA177D24249C78F5005BBF3B /* MarvelTests.swift */,
				FA177D26249C78F5005BBF3B /* Info.plist */,
			);
			path = MarvelTests;
			sourceTree = "<group>";
		};
		FA1D3E59249C90EC0033B525 /* Delegate */ = {
			isa = PBXGroup;
			children = (
				FA177D0D249C78F1005BBF3B /* AppDelegate.swift */,
			);
			path = Delegate;
			sourceTree = "<group>";
		};
		FA1D3E5A249C91060033B525 /* Supporting Files */ = {
			isa = PBXGroup;
			children = (
				FA177D1B249C78F5005BBF3B /* Info.plist */,
			);
			path = "Supporting Files";
			sourceTree = "<group>";
		};
		FA1D3E5B249C91190033B525 /* LunchScreen */ = {
			isa = PBXGroup;
			children = (
				FA177D18249C78F5005BBF3B /* LaunchScreen.storyboard */,
			);
			path = LunchScreen;
			sourceTree = "<group>";
		};
		FA1D3E5C249C91360033B525 /* Resources */ = {
			isa = PBXGroup;
			children = (
				FA177D16249C78F5005BBF3B /* Assets.xcassets */,
			);
			path = Resources;
			sourceTree = "<group>";
		};
		FA1D3E5D249C91C30033B525 /* Utilities */ = {
			isa = PBXGroup;
			children = (
				FA1D3E5E249C9A5F0033B525 /* API.swift */,
			);
			path = Utilities;
			sourceTree = "<group>";
		};
		FA1D3E60249C9AB10033B525 /* Constants */ = {
			isa = PBXGroup;
			children = (
				FA1D3E61249C9AC90033B525 /* Constants.swift */,
			);
			path = Constants;
			sourceTree = "<group>";
		};
		FA1D3E63249C9E4C0033B525 /* Extensions */ = {
			isa = PBXGroup;
			children = (
				FA1D3E64249C9E5C0033B525 /* String.swift */,
				FA1D3E7A249CA84A0033B525 /* UIViewController.swift */,
			);
			path = Extensions;
			sourceTree = "<group>";
		};
		FA1D3E66249CA1C30033B525 /* Common */ = {
			isa = PBXGroup;
			children = (
				FA1D3E7C249CA8A60033B525 /* Protocols */,
				FA1D3E67249CA1D50033B525 /* Structs */,
			);
			path = Common;
			sourceTree = "<group>";
		};
		FA1D3E67249CA1D50033B525 /* Structs */ = {
			isa = PBXGroup;
			children = (
				FA1D3E68249CA1E60033B525 /* APIError.swift */,
			);
			path = Structs;
			sourceTree = "<group>";
		};
		FA1D3E6C249CA34F0033B525 /* Scenes */ = {
			isa = PBXGroup;
			children = (
				FA1D3E6D249CA37B0033B525 /* Characters */,
			);
			path = Scenes;
			sourceTree = "<group>";
		};
		FA1D3E6D249CA37B0033B525 /* Characters */ = {
			isa = PBXGroup;
			children = (
				FA1D3E71249CA4010033B525 /* Main.storyboard */,
				FA1D3E70249CA3940033B525 /* View */,
				FA1D3E6F249CA38D0033B525 /* Presenter */,
				FA1D3E6E249CA3880033B525 /* Model */,
			);
			path = Characters;
			sourceTree = "<group>";
		};
		FA1D3E6E249CA3880033B525 /* Model */ = {
			isa = PBXGroup;
			children = (
			);
			path = Model;
			sourceTree = "<group>";
		};
		FA1D3E6F249CA38D0033B525 /* Presenter */ = {
			isa = PBXGroup;
			children = (
				FA1D3E75249CA5230033B525 /* CharactersPresenter.swift */,
			);
			path = Presenter;
			sourceTree = "<group>";
		};
		FA1D3E70249CA3940033B525 /* View */ = {
			isa = PBXGroup;
			children = (
				FA1D3E73249CA4170033B525 /* CharactersViewController.swift */,
			);
			path = View;
			sourceTree = "<group>";
		};
		FA1D3E77249CA61E0033B525 /* Helpers */ = {
			isa = PBXGroup;
			children = (
				FA1D3E7F249CAB7D0033B525 /* Indicator.swift */,
			);
			path = Helpers;
			sourceTree = "<group>";
		};
		FA1D3E7C249CA8A60033B525 /* Protocols */ = {
			isa = PBXGroup;
			children = (
				FA1D3E7D249CA8C10033B525 /* IndicatorProtocol.swift */,
			);
			path = Protocols;
			sourceTree = "<group>";
		};
/* End PBXGroup section */

/* Begin PBXNativeTarget section */
		FA177D09249C78F1005BBF3B /* Marvel */ = {
			isa = PBXNativeTarget;
			buildConfigurationList = FA177D29249C78F5005BBF3B /* Build configuration list for PBXNativeTarget "Marvel" */;
			buildPhases = (
				9B1C32C221A5364060089383 /* [CP] Check Pods Manifest.lock */,
				FA177D06249C78F1005BBF3B /* Sources */,
				FA177D07249C78F1005BBF3B /* Frameworks */,
				FA177D08249C78F1005BBF3B /* Resources */,
				9FD6BB3FE8F58F3D705C1992 /* [CP] Embed Pods Frameworks */,
			);
			buildRules = (
			);
			dependencies = (
			);
			name = Marvel;
			productName = Marvel;
			productReference = FA177D0A249C78F1005BBF3B /* Marvel.app */;
			productType = "com.apple.product-type.application";
		};
		FA177D1F249C78F5005BBF3B /* MarvelTests */ = {
			isa = PBXNativeTarget;
			buildConfigurationList = FA177D2C249C78F5005BBF3B /* Build configuration list for PBXNativeTarget "MarvelTests" */;
			buildPhases = (
				F019692A99489F48C092A8A6 /* [CP] Check Pods Manifest.lock */,
				FA177D1C249C78F5005BBF3B /* Sources */,
				FA177D1D249C78F5005BBF3B /* Frameworks */,
				FA177D1E249C78F5005BBF3B /* Resources */,
			);
			buildRules = (
			);
			dependencies = (
				FA177D22249C78F5005BBF3B /* PBXTargetDependency */,
			);
			name = MarvelTests;
			productName = MarvelTests;
			productReference = FA177D20249C78F5005BBF3B /* MarvelTests.xctest */;
			productType = "com.apple.product-type.bundle.unit-test";
		};
/* End PBXNativeTarget section */

/* Begin PBXProject section */
		FA177D02249C78F1005BBF3B /* Project object */ = {
			isa = PBXProject;
			attributes = {
				LastSwiftUpdateCheck = 1140;
				LastUpgradeCheck = 1140;
				ORGANIZATIONNAME = abdallahomar;
				TargetAttributes = {
					FA177D09249C78F1005BBF3B = {
						CreatedOnToolsVersion = 11.4;
					};
					FA177D1F249C78F5005BBF3B = {
						CreatedOnToolsVersion = 11.4;
						TestTargetID = FA177D09249C78F1005BBF3B;
					};
				};
			};
			buildConfigurationList = FA177D05249C78F1005BBF3B /* Build configuration list for PBXProject "Marvel" */;
			compatibilityVersion = "Xcode 9.3";
			developmentRegion = en;
			hasScannedForEncodings = 0;
			knownRegions = (
				en,
				Base,
			);
			mainGroup = FA177D01249C78F1005BBF3B;
			productRefGroup = FA177D0B249C78F1005BBF3B /* Products */;
			projectDirPath = "";
			projectRoot = "";
			targets = (
				FA177D09249C78F1005BBF3B /* Marvel */,
				FA177D1F249C78F5005BBF3B /* MarvelTests */,
			);
		};
/* End PBXProject section */

/* Begin PBXResourcesBuildPhase section */
		FA177D08249C78F1005BBF3B /* Resources */ = {
			isa = PBXResourcesBuildPhase;
			buildActionMask = 2147483647;
			files = (
				FA1D3E72249CA4010033B525 /* Main.storyboard in Resources */,
				FA177D1A249C78F5005BBF3B /* LaunchScreen.storyboard in Resources */,
				FA177D17249C78F5005BBF3B /* Assets.xcassets in Resources */,
			);
			runOnlyForDeploymentPostprocessing = 0;
		};
		FA177D1E249C78F5005BBF3B /* Resources */ = {
			isa = PBXResourcesBuildPhase;
			buildActionMask = 2147483647;
			files = (
			);
			runOnlyForDeploymentPostprocessing = 0;
		};
/* End PBXResourcesBuildPhase section */

/* Begin PBXShellScriptBuildPhase section */
		9B1C32C221A5364060089383 /* [CP] Check Pods Manifest.lock */ = {
			isa = PBXShellScriptBuildPhase;
			buildActionMask = 2147483647;
			files = (
			);
			inputFileListPaths = (
			);
			inputPaths = (
				"${PODS_PODFILE_DIR_PATH}/Podfile.lock",
				"${PODS_ROOT}/Manifest.lock",
			);
			name = "[CP] Check Pods Manifest.lock";
			outputFileListPaths = (
			);
			outputPaths = (
				"$(DERIVED_FILE_DIR)/Pods-Marvel-checkManifestLockResult.txt",
			);
			runOnlyForDeploymentPostprocessing = 0;
			shellPath = /bin/sh;
			shellScript = "diff \"${PODS_PODFILE_DIR_PATH}/Podfile.lock\" \"${PODS_ROOT}/Manifest.lock\" > /dev/null\nif [ $? != 0 ] ; then\n    # print error to STDERR\n    echo \"error: The sandbox is not in sync with the Podfile.lock. Run 'pod install' or update your CocoaPods installation.\" >&2\n    exit 1\nfi\n# This output is used by Xcode 'outputs' to avoid re-running this script phase.\necho \"SUCCESS\" > \"${SCRIPT_OUTPUT_FILE_0}\"\n";
			showEnvVarsInLog = 0;
		};
		9FD6BB3FE8F58F3D705C1992 /* [CP] Embed Pods Frameworks */ = {
			isa = PBXShellScriptBuildPhase;
			buildActionMask = 2147483647;
			files = (
			);
			inputFileListPaths = (
				"${PODS_ROOT}/Target Support Files/Pods-Marvel/Pods-Marvel-frameworks-${CONFIGURATION}-input-files.xcfilelist",
			);
			name = "[CP] Embed Pods Frameworks";
			outputFileListPaths = (
				"${PODS_ROOT}/Target Support Files/Pods-Marvel/Pods-Marvel-frameworks-${CONFIGURATION}-output-files.xcfilelist",
			);
			runOnlyForDeploymentPostprocessing = 0;
			shellPath = /bin/sh;
			shellScript = "\"${PODS_ROOT}/Target Support Files/Pods-Marvel/Pods-Marvel-frameworks.sh\"\n";
			showEnvVarsInLog = 0;
		};
		F019692A99489F48C092A8A6 /* [CP] Check Pods Manifest.lock */ = {
			isa = PBXShellScriptBuildPhase;
			buildActionMask = 2147483647;
			files = (
			);
			inputFileListPaths = (
			);
			inputPaths = (
				"${PODS_PODFILE_DIR_PATH}/Podfile.lock",
				"${PODS_ROOT}/Manifest.lock",
			);
			name = "[CP] Check Pods Manifest.lock";
			outputFileListPaths = (
			);
			outputPaths = (
				"$(DERIVED_FILE_DIR)/Pods-MarvelTests-checkManifestLockResult.txt",
			);
			runOnlyForDeploymentPostprocessing = 0;
			shellPath = /bin/sh;
			shellScript = "diff \"${PODS_PODFILE_DIR_PATH}/Podfile.lock\" \"${PODS_ROOT}/Manifest.lock\" > /dev/null\nif [ $? != 0 ] ; then\n    # print error to STDERR\n    echo \"error: The sandbox is not in sync with the Podfile.lock. Run 'pod install' or update your CocoaPods installation.\" >&2\n    exit 1\nfi\n# This output is used by Xcode 'outputs' to avoid re-running this script phase.\necho \"SUCCESS\" > \"${SCRIPT_OUTPUT_FILE_0}\"\n";
			showEnvVarsInLog = 0;
		};
/* End PBXShellScriptBuildPhase section */

/* Begin PBXSourcesBuildPhase section */
		FA177D06249C78F1005BBF3B /* Sources */ = {
			isa = PBXSourcesBuildPhase;
			buildActionMask = 2147483647;
			files = (
				FA1D3E5F249C9A5F0033B525 /* API.swift in Sources */,
				FA1D3E65249C9E5C0033B525 /* String.swift in Sources */,
				FA1D3E7B249CA84A0033B525 /* UIViewController.swift in Sources */,
				FA1D3E80249CAB7D0033B525 /* Indicator.swift in Sources */,
				FA1D3E7E249CA8C10033B525 /* IndicatorProtocol.swift in Sources */,
				FA1D3E76249CA5230033B525 /* CharactersPresenter.swift in Sources */,
				FA1D3E74249CA4170033B525 /* CharactersViewController.swift in Sources */,
				FA177D0E249C78F1005BBF3B /* AppDelegate.swift in Sources */,
				FA1D3E62249C9AC90033B525 /* Constants.swift in Sources */,
				FA1D3E69249CA1E60033B525 /* APIError.swift in Sources */,
			);
			runOnlyForDeploymentPostprocessing = 0;
		};
		FA177D1C249C78F5005BBF3B /* Sources */ = {
			isa = PBXSourcesBuildPhase;
			buildActionMask = 2147483647;
			files = (
				FA177D25249C78F5005BBF3B /* MarvelTests.swift in Sources */,
			);
			runOnlyForDeploymentPostprocessing = 0;
		};
/* End PBXSourcesBuildPhase section */

/* Begin PBXTargetDependency section */
		FA177D22249C78F5005BBF3B /* PBXTargetDependency */ = {
			isa = PBXTargetDependency;
			target = FA177D09249C78F1005BBF3B /* Marvel */;
			targetProxy = FA177D21249C78F5005BBF3B /* PBXContainerItemProxy */;
		};
/* End PBXTargetDependency section */

/* Begin PBXVariantGroup section */
		FA177D18249C78F5005BBF3B /* LaunchScreen.storyboard */ = {
			isa = PBXVariantGroup;
			children = (
				FA177D19249C78F5005BBF3B /* Base */,
			);
			name = LaunchScreen.storyboard;
			sourceTree = "<group>";
		};
/* End PBXVariantGroup section */

/* Begin XCBuildConfiguration section */
		FA177D27249C78F5005BBF3B /* Debug */ = {
			isa = XCBuildConfiguration;
			buildSettings = {
				ALWAYS_SEARCH_USER_PATHS = NO;
				CLANG_ANALYZER_NONNULL = YES;
				CLANG_ANALYZER_NUMBER_OBJECT_CONVERSION = YES_AGGRESSIVE;
				CLANG_CXX_LANGUAGE_STANDARD = "gnu++14";
				CLANG_CXX_LIBRARY = "libc++";
				CLANG_ENABLE_MODULES = YES;
				CLANG_ENABLE_OBJC_ARC = YES;
				CLANG_ENABLE_OBJC_WEAK = YES;
				CLANG_WARN_BLOCK_CAPTURE_AUTORELEASING = YES;
				CLANG_WARN_BOOL_CONVERSION = YES;
				CLANG_WARN_COMMA = YES;
				CLANG_WARN_CONSTANT_CONVERSION = YES;
				CLANG_WARN_DEPRECATED_OBJC_IMPLEMENTATIONS = YES;
				CLANG_WARN_DIRECT_OBJC_ISA_USAGE = YES_ERROR;
				CLANG_WARN_DOCUMENTATION_COMMENTS = YES;
				CLANG_WARN_EMPTY_BODY = YES;
				CLANG_WARN_ENUM_CONVERSION = YES;
				CLANG_WARN_INFINITE_RECURSION = YES;
				CLANG_WARN_INT_CONVERSION = YES;
				CLANG_WARN_NON_LITERAL_NULL_CONVERSION = YES;
				CLANG_WARN_OBJC_IMPLICIT_RETAIN_SELF = YES;
				CLANG_WARN_OBJC_LITERAL_CONVERSION = YES;
				CLANG_WARN_OBJC_ROOT_CLASS = YES_ERROR;
				CLANG_WARN_RANGE_LOOP_ANALYSIS = YES;
				CLANG_WARN_STRICT_PROTOTYPES = YES;
				CLANG_WARN_SUSPICIOUS_MOVE = YES;
				CLANG_WARN_UNGUARDED_AVAILABILITY = YES_AGGRESSIVE;
				CLANG_WARN_UNREACHABLE_CODE = YES;
				CLANG_WARN__DUPLICATE_METHOD_MATCH = YES;
				COPY_PHASE_STRIP = NO;
				DEBUG_INFORMATION_FORMAT = dwarf;
				ENABLE_STRICT_OBJC_MSGSEND = YES;
				ENABLE_TESTABILITY = YES;
				GCC_C_LANGUAGE_STANDARD = gnu11;
				GCC_DYNAMIC_NO_PIC = NO;
				GCC_NO_COMMON_BLOCKS = YES;
				GCC_OPTIMIZATION_LEVEL = 0;
				GCC_PREPROCESSOR_DEFINITIONS = (
					"DEBUG=1",
					"$(inherited)",
				);
				GCC_WARN_64_TO_32_BIT_CONVERSION = YES;
				GCC_WARN_ABOUT_RETURN_TYPE = YES_ERROR;
				GCC_WARN_UNDECLARED_SELECTOR = YES;
				GCC_WARN_UNINITIALIZED_AUTOS = YES_AGGRESSIVE;
				GCC_WARN_UNUSED_FUNCTION = YES;
				GCC_WARN_UNUSED_VARIABLE = YES;
				IPHONEOS_DEPLOYMENT_TARGET = 13.4;
				MTL_ENABLE_DEBUG_INFO = INCLUDE_SOURCE;
				MTL_FAST_MATH = YES;
				ONLY_ACTIVE_ARCH = YES;
				SDKROOT = iphoneos;
				SWIFT_ACTIVE_COMPILATION_CONDITIONS = DEBUG;
				SWIFT_OPTIMIZATION_LEVEL = "-Onone";
			};
			name = Debug;
		};
		FA177D28249C78F5005BBF3B /* Release */ = {
			isa = XCBuildConfiguration;
			buildSettings = {
				ALWAYS_SEARCH_USER_PATHS = NO;
				CLANG_ANALYZER_NONNULL = YES;
				CLANG_ANALYZER_NUMBER_OBJECT_CONVERSION = YES_AGGRESSIVE;
				CLANG_CXX_LANGUAGE_STANDARD = "gnu++14";
				CLANG_CXX_LIBRARY = "libc++";
				CLANG_ENABLE_MODULES = YES;
				CLANG_ENABLE_OBJC_ARC = YES;
				CLANG_ENABLE_OBJC_WEAK = YES;
				CLANG_WARN_BLOCK_CAPTURE_AUTORELEASING = YES;
				CLANG_WARN_BOOL_CONVERSION = YES;
				CLANG_WARN_COMMA = YES;
				CLANG_WARN_CONSTANT_CONVERSION = YES;
				CLANG_WARN_DEPRECATED_OBJC_IMPLEMENTATIONS = YES;
				CLANG_WARN_DIRECT_OBJC_ISA_USAGE = YES_ERROR;
				CLANG_WARN_DOCUMENTATION_COMMENTS = YES;
				CLANG_WARN_EMPTY_BODY = YES;
				CLANG_WARN_ENUM_CONVERSION = YES;
				CLANG_WARN_INFINITE_RECURSION = YES;
				CLANG_WARN_INT_CONVERSION = YES;
				CLANG_WARN_NON_LITERAL_NULL_CONVERSION = YES;
				CLANG_WARN_OBJC_IMPLICIT_RETAIN_SELF = YES;
				CLANG_WARN_OBJC_LITERAL_CONVERSION = YES;
				CLANG_WARN_OBJC_ROOT_CLASS = YES_ERROR;
				CLANG_WARN_RANGE_LOOP_ANALYSIS = YES;
				CLANG_WARN_STRICT_PROTOTYPES = YES;
				CLANG_WARN_SUSPICIOUS_MOVE = YES;
				CLANG_WARN_UNGUARDED_AVAILABILITY = YES_AGGRESSIVE;
				CLANG_WARN_UNREACHABLE_CODE = YES;
				CLANG_WARN__DUPLICATE_METHOD_MATCH = YES;
				COPY_PHASE_STRIP = NO;
				DEBUG_INFORMATION_FORMAT = "dwarf-with-dsym";
				ENABLE_NS_ASSERTIONS = NO;
				ENABLE_STRICT_OBJC_MSGSEND = YES;
				GCC_C_LANGUAGE_STANDARD = gnu11;
				GCC_NO_COMMON_BLOCKS = YES;
				GCC_WARN_64_TO_32_BIT_CONVERSION = YES;
				GCC_WARN_ABOUT_RETURN_TYPE = YES_ERROR;
				GCC_WARN_UNDECLARED_SELECTOR = YES;
				GCC_WARN_UNINITIALIZED_AUTOS = YES_AGGRESSIVE;
				GCC_WARN_UNUSED_FUNCTION = YES;
				GCC_WARN_UNUSED_VARIABLE = YES;
				IPHONEOS_DEPLOYMENT_TARGET = 13.4;
				MTL_ENABLE_DEBUG_INFO = NO;
				MTL_FAST_MATH = YES;
				SDKROOT = iphoneos;
				SWIFT_COMPILATION_MODE = wholemodule;
				SWIFT_OPTIMIZATION_LEVEL = "-O";
				VALIDATE_PRODUCT = YES;
			};
			name = Release;
		};
		FA177D2A249C78F5005BBF3B /* Debug */ = {
			isa = XCBuildConfiguration;
			baseConfigurationReference = 052D9CD74628F9826D650956 /* Pods-Marvel.debug.xcconfig */;
			buildSettings = {
				ASSETCATALOG_COMPILER_APPICON_NAME = AppIcon;
				CODE_SIGN_STYLE = Automatic;
				DEVELOPMENT_TEAM = 8FB3BU56AV;
				INFOPLIST_FILE = "Marvel/Supporting Files/Info.plist";
				IPHONEOS_DEPLOYMENT_TARGET = 13.0;
				LD_RUNPATH_SEARCH_PATHS = (
					"$(inherited)",
					"@executable_path/Frameworks",
				);
				PRODUCT_BUNDLE_IDENTIFIER = com.abdallah.Marvel;
				PRODUCT_NAME = "$(TARGET_NAME)";
				SWIFT_VERSION = 5.0;
				TARGETED_DEVICE_FAMILY = 1;
			};
			name = Debug;
		};
		FA177D2B249C78F5005BBF3B /* Release */ = {
			isa = XCBuildConfiguration;
			baseConfigurationReference = 9B1AB1250B908F59ADF26F1B /* Pods-Marvel.release.xcconfig */;
			buildSettings = {
				ASSETCATALOG_COMPILER_APPICON_NAME = AppIcon;
				CODE_SIGN_STYLE = Automatic;
				DEVELOPMENT_TEAM = 8FB3BU56AV;
				INFOPLIST_FILE = "Marvel/Supporting Files/Info.plist";
				IPHONEOS_DEPLOYMENT_TARGET = 13.0;
				LD_RUNPATH_SEARCH_PATHS = (
					"$(inherited)",
					"@executable_path/Frameworks",
				);
				PRODUCT_BUNDLE_IDENTIFIER = com.abdallah.Marvel;
				PRODUCT_NAME = "$(TARGET_NAME)";
				SWIFT_VERSION = 5.0;
				TARGETED_DEVICE_FAMILY = 1;
			};
			name = Release;
		};
		FA177D2D249C78F5005BBF3B /* Debug */ = {
			isa = XCBuildConfiguration;
			baseConfigurationReference = 148F5675BF1E36C8AF9AC714 /* Pods-MarvelTests.debug.xcconfig */;
			buildSettings = {
				ALWAYS_EMBED_SWIFT_STANDARD_LIBRARIES = YES;
				BUNDLE_LOADER = "$(TEST_HOST)";
				CODE_SIGN_STYLE = Automatic;
				DEVELOPMENT_TEAM = 8FB3BU56AV;
				INFOPLIST_FILE = MarvelTests/Info.plist;
				IPHONEOS_DEPLOYMENT_TARGET = 13.4;
				LD_RUNPATH_SEARCH_PATHS = (
					"$(inherited)",
					"@executable_path/Frameworks",
					"@loader_path/Frameworks",
				);
				PRODUCT_BUNDLE_IDENTIFIER = com.abdallah.MarvelTests;
				PRODUCT_NAME = "$(TARGET_NAME)";
				SWIFT_VERSION = 5.0;
				TARGETED_DEVICE_FAMILY = "1,2";
				TEST_HOST = "$(BUILT_PRODUCTS_DIR)/Marvel.app/Marvel";
			};
			name = Debug;
		};
		FA177D2E249C78F5005BBF3B /* Release */ = {
			isa = XCBuildConfiguration;
			baseConfigurationReference = D72542E9F14099E0C7843B7F /* Pods-MarvelTests.release.xcconfig */;
			buildSettings = {
				ALWAYS_EMBED_SWIFT_STANDARD_LIBRARIES = YES;
				BUNDLE_LOADER = "$(TEST_HOST)";
				CODE_SIGN_STYLE = Automatic;
				DEVELOPMENT_TEAM = 8FB3BU56AV;
				INFOPLIST_FILE = MarvelTests/Info.plist;
				IPHONEOS_DEPLOYMENT_TARGET = 13.4;
				LD_RUNPATH_SEARCH_PATHS = (
					"$(inherited)",
					"@executable_path/Frameworks",
					"@loader_path/Frameworks",
				);
				PRODUCT_BUNDLE_IDENTIFIER = com.abdallah.MarvelTests;
				PRODUCT_NAME = "$(TARGET_NAME)";
				SWIFT_VERSION = 5.0;
				TARGETED_DEVICE_FAMILY = "1,2";
				TEST_HOST = "$(BUILT_PRODUCTS_DIR)/Marvel.app/Marvel";
			};
			name = Release;
		};
/* End XCBuildConfiguration section */

/* Begin XCConfigurationList section */
		FA177D05249C78F1005BBF3B /* Build configuration list for PBXProject "Marvel" */ = {
			isa = XCConfigurationList;
			buildConfigurations = (
				FA177D27249C78F5005BBF3B /* Debug */,
				FA177D28249C78F5005BBF3B /* Release */,
			);
			defaultConfigurationIsVisible = 0;
			defaultConfigurationName = Release;
		};
		FA177D29249C78F5005BBF3B /* Build configuration list for PBXNativeTarget "Marvel" */ = {
			isa = XCConfigurationList;
			buildConfigurations = (
				FA177D2A249C78F5005BBF3B /* Debug */,
				FA177D2B249C78F5005BBF3B /* Release */,
			);
			defaultConfigurationIsVisible = 0;
			defaultConfigurationName = Release;
		};
		FA177D2C249C78F5005BBF3B /* Build configuration list for PBXNativeTarget "MarvelTests" */ = {
			isa = XCConfigurationList;
			buildConfigurations = (
				FA177D2D249C78F5005BBF3B /* Debug */,
				FA177D2E249C78F5005BBF3B /* Release */,
			);
			defaultConfigurationIsVisible = 0;
			defaultConfigurationName = Release;
		};
/* End XCConfigurationList section */
	};
	rootObject = FA177D02249C78F1005BBF3B /* Project object */;
}
